
Microsoft Visual Studio Solution File, Format Version 12.00
# Visual Studio Version 17
VisualStudioVersion = 17.0.31903.59
MinimumVisualStudioVersion = 10.0.40219.1
Project("{FAE04EC0-301F-11D3-BF4B-00C04F79EFBC}") = "TrueDocDesktop.App", "TrueDocDesktop.App\TrueDocDesktop.App.csproj", "{FE36548F-1B5A-453F-8FC2-4546EA394AE4}"
EndProject
Global
	GlobalSection(SolutionConfigurationPlatforms) = preSolution
		Debug|Any CPU = Debug|Any CPU
		Release|Any CPU = Release|Any CPU
	EndGlobalSection
	GlobalSection(SolutionProperties) = preSolution
		HideSolutionNode = FALSE
	EndGlobalSection
	GlobalSection(ProjectConfigurationPlatforms) = postSolution
		{FE36548F-1B5A-453F-8FC2-4546EA394AE4}.Debug|Any CPU.ActiveCfg = Debug|Any CPU
		{FE36548F-1B5A-453F-8FC2-4546EA394AE4}.Debug|Any CPU.Build.0 = Debug|Any CPU
		{FE36548F-1B5A-453F-8FC2-4546EA394AE4}.Release|Any CPU.ActiveCfg = Release|Any CPU
		{FE36548F-1B5A-453F-8FC2-4546EA394AE4}.Release|Any CPU.Build.0 = Release|Any CPU
	EndGlobalSection
EndGlobal
